// !$*UTF8*$!
{
	archiveVersion = 1;
	classes = {
	};
	objectVersion = 56;
	objects = {

/* Begin PBXBuildFile section */
		AE222EA42A969DA300A1199D /* Assets.xcassets in Resources */ = {isa = PBXBuildFile; fileRef = AE222EA32A969DA300A1199D /* Assets.xcassets */; };
		AE222EAA2A969DA300A1199D /* Fortune Cookie MessagesExtension.appex in Embed Foundation Extensions */ = {isa = PBXBuildFile; fileRef = AE222EA92A969DA300A1199D /* Fortune Cookie MessagesExtension.appex */; settings = {ATTRIBUTES = (RemoveHeadersOnCopy, ); }; };
		AE222EAF2A969DA300A1199D /* Messages.framework in Frameworks */ = {isa = PBXBuildFile; fileRef = AE222EAE2A969DA300A1199D /* Messages.framework */; };
		AE222EB22A969DA300A1199D /* MessagesViewController.swift in Sources */ = {isa = PBXBuildFile; fileRef = AE222EB12A969DA300A1199D /* MessagesViewController.swift */; };
		AE222EB52A969DA300A1199D /* MainInterface.storyboard in Resources */ = {isa = PBXBuildFile; fileRef = AE222EB32A969DA300A1199D /* MainInterface.storyboard */; };
		AE222EB72A969DA300A1199D /* Assets.xcassets in Resources */ = {isa = PBXBuildFile; fileRef = AE222EB62A969DA300A1199D /* Assets.xcassets */; };
/* End PBXBuildFile section */

/* Begin PBXContainerItemProxy section */
		AE222EAB2A969DA300A1199D /* PBXContainerItemProxy */ = {
			isa = PBXContainerItemProxy;
			containerPortal = AE222E9A2A969DA200A1199D /* Project object */;
			proxyType = 1;
			remoteGlobalIDString = AE222EA82A969DA300A1199D;
			remoteInfo = "Fortune Cookie MessagesExtension";
		};
/* End PBXContainerItemProxy section */

/* Begin PBXCopyFilesBuildPhase section */
		AE222EBE2A969DA300A1199D /* Embed Foundation Extensions */ = {
			isa = PBXCopyFilesBuildPhase;
			buildActionMask = 2147483647;
			dstPath = "";
			dstSubfolderSpec = 13;
			files = (
				AE222EAA2A969DA300A1199D /* Fortune Cookie MessagesExtension.appex in Embed Foundation Extensions */,
			);
			name = "Embed Foundation Extensions";
			runOnlyForDeploymentPostprocessing = 0;
		};
/* End PBXCopyFilesBuildPhase section */

/* Begin PBXFileReference section */
		AE222EA02A969DA200A1199D /* Fortune Cookie.app */ = {isa = PBXFileReference; explicitFileType = wrapper.application; includeInIndex = 0; path = "Fortune Cookie.app"; sourceTree = BUILT_PRODUCTS_DIR; };
		AE222EA32A969DA300A1199D /* Assets.xcassets */ = {isa = PBXFileReference; lastKnownFileType = folder.assetcatalog; path = Assets.xcassets; sourceTree = "<group>"; };
		AE222EA92A969DA300A1199D /* Fortune Cookie MessagesExtension.appex */ = {isa = PBXFileReference; explicitFileType = "wrapper.app-extension"; includeInIndex = 0; path = "Fortune Cookie MessagesExtension.appex"; sourceTree = BUILT_PRODUCTS_DIR; };
		AE222EAE2A969DA300A1199D /* Messages.framework */ = {isa = PBXFileReference; lastKnownFileType = wrapper.framework; name = Messages.framework; path = System/Library/Frameworks/Messages.framework; sourceTree = SDKROOT; };
		AE222EB12A969DA300A1199D /* MessagesViewController.swift */ = {isa = PBXFileReference; lastKnownFileType = sourcecode.swift; path = MessagesViewController.swift; sourceTree = "<group>"; };
		AE222EB42A969DA300A1199D /* Base */ = {isa = PBXFileReference; lastKnownFileType = file.storyboard; name = Base; path = Base.lproj/MainInterface.storyboard; sourceTree = "<group>"; };
		AE222EB62A969DA300A1199D /* Assets.xcassets */ = {isa = PBXFileReference; lastKnownFileType = folder.assetcatalog; path = Assets.xcassets; sourceTree = "<group>"; };
		AE222EB82A969DA300A1199D /* Info.plist */ = {isa = PBXFileReference; lastKnownFileType = text.plist.xml; path = Info.plist; sourceTree = "<group>"; };
/* End PBXFileReference section */

/* Begin PBXFrameworksBuildPhase section */
		AE222EA62A969DA300A1199D /* Frameworks */ = {
			isa = PBXFrameworksBuildPhase;
			buildActionMask = 2147483647;
			files = (
				AE222EAF2A969DA300A1199D /* Messages.framework in Frameworks */,
			);
			runOnlyForDeploymentPostprocessing = 0;
		};
/* End PBXFrameworksBuildPhase section */

/* Begin PBXGroup section */
		AE222E992A969DA200A1199D = {
			isa = PBXGroup;
			children = (
				AE222EA22A969DA200A1199D /* Fortune Cookie */,
				AE222EB02A969DA300A1199D /* Fortune Cookie MessagesExtension */,
				AE222EAD2A969DA300A1199D /* Frameworks */,
				AE222EA12A969DA200A1199D /* Products */,
			);
			sourceTree = "<group>";
		};
		AE222EA12A969DA200A1199D /* Products */ = {
			isa = PBXGroup;
			children = (
				AE222EA02A969DA200A1199D /* Fortune Cookie.app */,
				AE222EA92A969DA300A1199D /* Fortune Cookie MessagesExtension.appex */,
			);
			name = Products;
			sourceTree = "<group>";
		};
		AE222EA22A969DA200A1199D /* Fortune Cookie */ = {
			isa = PBXGroup;
			children = (
				AE222EA32A969DA300A1199D /* Assets.xcassets */,
			);
			path = "Fortune Cookie";
			sourceTree = "<group>";
		};
		AE222EAD2A969DA300A1199D /* Frameworks */ = {
			isa = PBXGroup;
			children = (
				AE222EAE2A969DA300A1199D /* Messages.framework */,
			);
			name = Frameworks;
			sourceTree = "<group>";
		};
		AE222EB02A969DA300A1199D /* Fortune Cookie MessagesExtension */ = {
			isa = PBXGroup;
			children = (
				AE222EB12A969DA300A1199D /* MessagesViewController.swift */,
				AE222EB32A969DA300A1199D /* MainInterface.storyboard */,
				AE222EB62A969DA300A1199D /* Assets.xcassets */,
				AE222EB82A969DA300A1199D /* Info.plist */,
			);
			path = "Fortune Cookie MessagesExtension";
			sourceTree = "<group>";
		};
/* End PBXGroup section */

/* Begin PBXNativeTarget section */
		AE222E9F2A969DA200A1199D /* Fortune Cookie */ = {
			isa = PBXNativeTarget;
			buildConfigurationList = AE222EBF2A969DA300A1199D /* Build configuration list for PBXNativeTarget "Fortune Cookie" */;
			buildPhases = (
				AE222E9E2A969DA200A1199D /* Resources */,
				AE222EBE2A969DA300A1199D /* Embed Foundation Extensions */,
			);
			buildRules = (
			);
			dependencies = (
				AE222EAC2A969DA300A1199D /* PBXTargetDependency */,
			);
			name = "Fortune Cookie";
			productName = "Fortune Cookie";
			productReference = AE222EA02A969DA200A1199D /* Fortune Cookie.app */;
			productType = "com.apple.product-type.application.messages";
		};
		AE222EA82A969DA300A1199D /* Fortune Cookie MessagesExtension */ = {
			isa = PBXNativeTarget;
			buildConfigurationList = AE222EBB2A969DA300A1199D /* Build configuration list for PBXNativeTarget "Fortune Cookie MessagesExtension" */;
			buildPhases = (
				AE222EA52A969DA300A1199D /* Sources */,
				AE222EA62A969DA300A1199D /* Frameworks */,
				AE222EA72A969DA300A1199D /* Resources */,
			);
			buildRules = (
			);
			dependencies = (
			);
			name = "Fortune Cookie MessagesExtension";
			productName = "Fortune Cookie MessagesExtension";
			productReference = AE222EA92A969DA300A1199D /* Fortune Cookie MessagesExtension.appex */;
			productType = "com.apple.product-type.app-extension.messages";
		};
/* End PBXNativeTarget section */

/* Begin PBXProject section */
		AE222E9A2A969DA200A1199D /* Project object */ = {
			isa = PBXProject;
			attributes = {
				BuildIndependentTargetsInParallel = 1;
				LastSwiftUpdateCheck = 1430;
				LastUpgradeCheck = 1430;
				TargetAttributes = {
					AE222E9F2A969DA200A1199D = {
						CreatedOnToolsVersion = 14.3.1;
					};
					AE222EA82A969DA300A1199D = {
						CreatedOnToolsVersion = 14.3.1;
					};
				};
			};
			buildConfigurationList = AE222E9D2A969DA200A1199D /* Build configuration list for PBXProject "Fortune Cookie" */;
			compatibilityVersion = "Xcode 14.0";
			developmentRegion = en;
			hasScannedForEncodings = 0;
			knownRegions = (
				en,
				Base,
			);
			mainGroup = AE222E992A969DA200A1199D;
			productRefGroup = AE222EA12A969DA200A1199D /* Products */;
			projectDirPath = "";
			projectRoot = "";
			targets = (
				AE222E9F2A969DA200A1199D /* Fortune Cookie */,
				AE222EA82A969DA300A1199D /* Fortune Cookie MessagesExtension */,
			);
		};
/* End PBXProject section */

/* Begin PBXResourcesBuildPhase section */
		AE222E9E2A969DA200A1199D /* Resources */ = {
			isa = PBXResourcesBuildPhase;
			buildActionMask = 2147483647;
			files = (
				AE222EA42A969DA300A1199D /* Assets.xcassets in Resources */,
			);
			runOnlyForDeploymentPostprocessing = 0;
		};
		AE222EA72A969DA300A1199D /* Resources */ = {
			isa = PBXResourcesBuildPhase;
			buildActionMask = 2147483647;
			files = (
				AE222EB72A969DA300A1199D /* Assets.xcassets in Resources */,
				AE222EB52A969DA300A1199D /* MainInterface.storyboard in Resources */,
			);
			runOnlyForDeploymentPostprocessing = 0;
		};
/* End PBXResourcesBuildPhase section */

/* Begin PBXSourcesBuildPhase section */
		AE222EA52A969DA300A1199D /* Sources */ = {
			isa = PBXSourcesBuildPhase;
			buildActionMask = 2147483647;
			files = (
				AE222EB22A969DA300A1199D /* MessagesViewController.swift in Sources */,
			);
			runOnlyForDeploymentPostprocessing = 0;
		};
/* End PBXSourcesBuildPhase section */

/* Begin PBXTargetDependency section */
		AE222EAC2A969DA300A1199D /* PBXTargetDependency */ = {
			isa = PBXTargetDependency;
			target = AE222EA82A969DA300A1199D /* Fortune Cookie MessagesExtension */;
			targetProxy = AE222EAB2A969DA300A1199D /* PBXContainerItemProxy */;
		};
/* End PBXTargetDependency section */

/* Begin PBXVariantGroup section */
		AE222EB32A969DA300A1199D /* MainInterface.storyboard */ = {
			isa = PBXVariantGroup;
			children = (
				AE222EB42A969DA300A1199D /* Base */,
			);
			name = MainInterface.storyboard;
			sourceTree = "<group>";
		};
/* End PBXVariantGroup section */

/* Begin XCBuildConfiguration section */
		AE222EB92A969DA300A1199D /* Debug */ = {
			isa = XCBuildConfiguration;
			buildSettings = {
				ALWAYS_SEARCH_USER_PATHS = NO;
				CLANG_ANALYZER_NONNULL = YES;
				CLANG_ANALYZER_NUMBER_OBJECT_CONVERSION = YES_AGGRESSIVE;
				CLANG_CXX_LANGUAGE_STANDARD = "gnu++20";
				CLANG_ENABLE_MODULES = YES;
				CLANG_ENABLE_OBJC_ARC = YES;
				CLANG_ENABLE_OBJC_WEAK = YES;
				CLANG_WARN_BLOCK_CAPTURE_AUTORELEASING = YES;
				CLANG_WARN_BOOL_CONVERSION = YES;
				CLANG_WARN_COMMA = YES;
				CLANG_WARN_CONSTANT_CONVERSION = YES;
				CLANG_WARN_DEPRECATED_OBJC_IMPLEMENTATIONS = YES;
				CLANG_WARN_DIRECT_OBJC_ISA_USAGE = YES_ERROR;
				CLANG_WARN_DOCUMENTATION_COMMENTS = YES;
				CLANG_WARN_EMPTY_BODY = YES;
				CLANG_WARN_ENUM_CONVERSION = YES;
				CLANG_WARN_INFINITE_RECURSION = YES;
				CLANG_WARN_INT_CONVERSION = YES;
				CLANG_WARN_NON_LITERAL_NULL_CONVERSION = YES;
				CLANG_WARN_OBJC_IMPLICIT_RETAIN_SELF = YES;
				CLANG_WARN_OBJC_LITERAL_CONVERSION = YES;
				CLANG_WARN_OBJC_ROOT_CLASS = YES_ERROR;
				CLANG_WARN_QUOTED_INCLUDE_IN_FRAMEWORK_HEADER = YES;
				CLANG_WARN_RANGE_LOOP_ANALYSIS = YES;
				CLANG_WARN_STRICT_PROTOTYPES = YES;
				CLANG_WARN_SUSPICIOUS_MOVE = YES;
				CLANG_WARN_UNGUARDED_AVAILABILITY = YES_AGGRESSIVE;
				CLANG_WARN_UNREACHABLE_CODE = YES;
				CLANG_WARN__DUPLICATE_METHOD_MATCH = YES;
				COPY_PHASE_STRIP = NO;
				DEBUG_INFORMATION_FORMAT = dwarf;
				ENABLE_STRICT_OBJC_MSGSEND = YES;
				ENABLE_TESTABILITY = YES;
				GCC_C_LANGUAGE_STANDARD = gnu11;
				GCC_DYNAMIC_NO_PIC = NO;
				GCC_NO_COMMON_BLOCKS = YES;
				GCC_OPTIMIZATION_LEVEL = 0;
				GCC_PREPROCESSOR_DEFINITIONS = (
					"DEBUG=1",
					"$(inherited)",
				);
				GCC_WARN_64_TO_32_BIT_CONVERSION = YES;
				GCC_WARN_ABOUT_RETURN_TYPE = YES_ERROR;
				GCC_WARN_UNDECLARED_SELECTOR = YES;
				GCC_WARN_UNINITIALIZED_AUTOS = YES_AGGRESSIVE;
				GCC_WARN_UNUSED_FUNCTION = YES;
				GCC_WARN_UNUSED_VARIABLE = YES;
				IPHONEOS_DEPLOYMENT_TARGET = 16.4;
				MTL_ENABLE_DEBUG_INFO = INCLUDE_SOURCE;
				MTL_FAST_MATH = YES;
				ONLY_ACTIVE_ARCH = YES;
				SDKROOT = iphoneos;
				SWIFT_ACTIVE_COMPILATION_CONDITIONS = DEBUG;
				SWIFT_OPTIMIZATION_LEVEL = "-Onone";
			};
			name = Debug;
		};
		AE222EBA2A969DA300A1199D /* Release */ = {
			isa = XCBuildConfiguration;
			buildSettings = {
				ALWAYS_SEARCH_USER_PATHS = NO;
				CLANG_ANALYZER_NONNULL = YES;
				CLANG_ANALYZER_NUMBER_OBJECT_CONVERSION = YES_AGGRESSIVE;
				CLANG_CXX_LANGUAGE_STANDARD = "gnu++20";
				CLANG_ENABLE_MODULES = YES;
				CLANG_ENABLE_OBJC_ARC = YES;
				CLANG_ENABLE_OBJC_WEAK = YES;
				CLANG_WARN_BLOCK_CAPTURE_AUTORELEASING = YES;
				CLANG_WARN_BOOL_CONVERSION = YES;
				CLANG_WARN_COMMA = YES;
				CLANG_WARN_CONSTANT_CONVERSION = YES;
				CLANG_WARN_DEPRECATED_OBJC_IMPLEMENTATIONS = YES;
				CLANG_WARN_DIRECT_OBJC_ISA_USAGE = YES_ERROR;
				CLANG_WARN_DOCUMENTATION_COMMENTS = YES;
				CLANG_WARN_EMPTY_BODY = YES;
				CLANG_WARN_ENUM_CONVERSION = YES;
				CLANG_WARN_INFINITE_RECURSION = YES;
				CLANG_WARN_INT_CONVERSION = YES;
				CLANG_WARN_NON_LITERAL_NULL_CONVERSION = YES;
				CLANG_WARN_OBJC_IMPLICIT_RETAIN_SELF = YES;
				CLANG_WARN_OBJC_LITERAL_CONVERSION = YES;
				CLANG_WARN_OBJC_ROOT_CLASS = YES_ERROR;
				CLANG_WARN_QUOTED_INCLUDE_IN_FRAMEWORK_HEADER = YES;
				CLANG_WARN_RANGE_LOOP_ANALYSIS = YES;
				CLANG_WARN_STRICT_PROTOTYPES = YES;
				CLANG_WARN_SUSPICIOUS_MOVE = YES;
				CLANG_WARN_UNGUARDED_AVAILABILITY = YES_AGGRESSIVE;
				CLANG_WARN_UNREACHABLE_CODE = YES;
				CLANG_WARN__DUPLICATE_METHOD_MATCH = YES;
				COPY_PHASE_STRIP = NO;
				DEBUG_INFORMATION_FORMAT = "dwarf-with-dsym";
				ENABLE_NS_ASSERTIONS = NO;
				ENABLE_STRICT_OBJC_MSGSEND = YES;
				GCC_C_LANGUAGE_STANDARD = gnu11;
				GCC_NO_COMMON_BLOCKS = YES;
				GCC_WARN_64_TO_32_BIT_CONVERSION = YES;
				GCC_WARN_ABOUT_RETURN_TYPE = YES_ERROR;
				GCC_WARN_UNDECLARED_SELECTOR = YES;
				GCC_WARN_UNINITIALIZED_AUTOS = YES_AGGRESSIVE;
				GCC_WARN_UNUSED_FUNCTION = YES;
				GCC_WARN_UNUSED_VARIABLE = YES;
				IPHONEOS_DEPLOYMENT_TARGET = 16.4;
				MTL_ENABLE_DEBUG_INFO = NO;
				MTL_FAST_MATH = YES;
				SDKROOT = iphoneos;
				SWIFT_COMPILATION_MODE = wholemodule;
				SWIFT_OPTIMIZATION_LEVEL = "-O";
				VALIDATE_PRODUCT = YES;
			};
			name = Release;
		};
		AE222EBC2A969DA300A1199D /* Debug */ = {
			isa = XCBuildConfiguration;
			buildSettings = {
				ASSETCATALOG_COMPILER_APPICON_NAME = "iMessage App Icon";
				CODE_SIGN_STYLE = Automatic;
				CURRENT_PROJECT_VERSION = 1;
				DEVELOPMENT_TEAM = K2NH5VQH28;
				GENERATE_INFOPLIST_FILE = YES;
				INFOPLIST_FILE = "Fortune Cookie MessagesExtension/Info.plist";
				INFOPLIST_KEY_CFBundleDisplayName = "Fortune Cookie";
				INFOPLIST_KEY_NSHumanReadableCopyright = "";
				LD_RUNPATH_SEARCH_PATHS = (
					"$(inherited)",
					"@executable_path/Frameworks",
					"@executable_path/../../Frameworks",
				);
				MARKETING_VERSION = 1.0;
				PRODUCT_BUNDLE_IDENTIFIER = "Fortune-Cookie.Fortune-Cookie.MessagesExtension";
				PRODUCT_NAME = "$(TARGET_NAME)";
				SKIP_INSTALL = YES;
				SWIFT_EMIT_LOC_STRINGS = YES;
				SWIFT_VERSION = 5.0;
				TARGETED_DEVICE_FAMILY = "1,2";
			};
			name = Debug;
		};
		AE222EBD2A969DA300A1199D /* Release */ = {
			isa = XCBuildConfiguration;
			buildSettings = {
				ASSETCATALOG_COMPILER_APPICON_NAME = "iMessage App Icon";
				CODE_SIGN_STYLE = Automatic;
				CURRENT_PROJECT_VERSION = 1;
				DEVELOPMENT_TEAM = K2NH5VQH28;
				GENERATE_INFOPLIST_FILE = YES;
				INFOPLIST_FILE = "Fortune Cookie MessagesExtension/Info.plist";
				INFOPLIST_KEY_CFBundleDisplayName = "Fortune Cookie";
				INFOPLIST_KEY_NSHumanReadableCopyright = "";
				LD_RUNPATH_SEARCH_PATHS = (
					"$(inherited)",
					"@executable_path/Frameworks",
					"@executable_path/../../Frameworks",
				);
				MARKETING_VERSION = 1.0;
				PRODUCT_BUNDLE_IDENTIFIER = "Fortune-Cookie.Fortune-Cookie.MessagesExtension";
				PRODUCT_NAME = "$(TARGET_NAME)";
				SKIP_INSTALL = YES;
				SWIFT_EMIT_LOC_STRINGS = YES;
				SWIFT_VERSION = 5.0;
				TARGETED_DEVICE_FAMILY = "1,2";
			};
			name = Release;
		};
		AE222EC02A969DA300A1199D /* Debug */ = {
			isa = XCBuildConfiguration;
			buildSettings = {
				ALWAYS_EMBED_SWIFT_STANDARD_LIBRARIES = YES;
				ASSETCATALOG_COMPILER_APPICON_NAME = AppIcon;
				CODE_SIGN_STYLE = Automatic;
				CURRENT_PROJECT_VERSION = 1;
				DEVELOPMENT_TEAM = K2NH5VQH28;
				GENERATE_INFOPLIST_FILE = YES;
				INFOPLIST_KEY_UILaunchStoryboardName = LaunchScreen;
				INFOPLIST_KEY_UISupportedInterfaceOrientations_iPad = "UIInterfaceOrientationPortrait UIInterfaceOrientationPortraitUpsideDown UIInterfaceOrientationLandscapeLeft UIInterfaceOrientationLandscapeRight";
				INFOPLIST_KEY_UISupportedInterfaceOrientations_iPhone = "UIInterfaceOrientationPortrait UIInterfaceOrientationLandscapeLeft UIInterfaceOrientationLandscapeRight";
				MARKETING_VERSION = 1.0;
				PRODUCT_BUNDLE_IDENTIFIER = "Fortune-Cookie.Fortune-Cookie";
				PRODUCT_NAME = "$(TARGET_NAME)";
				SWIFT_EMIT_LOC_STRINGS = YES;
				SWIFT_VERSION = 5.0;
				TARGETED_DEVICE_FAMILY = "1,2";
			};
			name = Debug;
		};
		AE222EC12A969DA300A1199D /* Release */ = {
			isa = XCBuildConfiguration;
			buildSettings = {
				ALWAYS_EMBED_SWIFT_STANDARD_LIBRARIES = YES;
				ASSETCATALOG_COMPILER_APPICON_NAME = AppIcon;
				CODE_SIGN_STYLE = Automatic;
				CURRENT_PROJECT_VERSION = 1;
				DEVELOPMENT_TEAM = K2NH5VQH28;
				GENERATE_INFOPLIST_FILE = YES;
				INFOPLIST_KEY_UILaunchStoryboardName = LaunchScreen;
				INFOPLIST_KEY_UISupportedInterfaceOrientations_iPad = "UIInterfaceOrientationPortrait UIInterfaceOrientationPortraitUpsideDown UIInterfaceOrientationLandscapeLeft UIInterfaceOrientationLandscapeRight";
				INFOPLIST_KEY_UISupportedInterfaceOrientations_iPhone = "UIInterfaceOrientationPortrait UIInterfaceOrientationLandscapeLeft UIInterfaceOrientationLandscapeRight";
				MARKETING_VERSION = 1.0;
				PRODUCT_BUNDLE_IDENTIFIER = "Fortune-Cookie.Fortune-Cookie";
				PRODUCT_NAME = "$(TARGET_NAME)";
				SWIFT_EMIT_LOC_STRINGS = YES;
				SWIFT_VERSION = 5.0;
				TARGETED_DEVICE_FAMILY = "1,2";
			};
			name = Release;
		};
/* End XCBuildConfiguration section */

/* Begin XCConfigurationList section */
		AE222E9D2A969DA200A1199D /* Build configuration list for PBXProject "Fortune Cookie" */ = {
			isa = XCConfigurationList;
			buildConfigurations = (
				AE222EB92A969DA300A1199D /* Debug */,
				AE222EBA2A969DA300A1199D /* Release */,
			);
			defaultConfigurationIsVisible = 0;
			defaultConfigurationName = Release;
		};
		AE222EBB2A969DA300A1199D /* Build configuration list for PBXNativeTarget "Fortune Cookie MessagesExtension" */ = {
			isa = XCConfigurationList;
			buildConfigurations = (
				AE222EBC2A969DA300A1199D /* Debug */,
				AE222EBD2A969DA300A1199D /* Release */,
			);
			defaultConfigurationIsVisible = 0;
			defaultConfigurationName = Release;
		};
		AE222EBF2A969DA300A1199D /* Build configuration list for PBXNativeTarget "Fortune Cookie" */ = {
			isa = XCConfigurationList;
			buildConfigurations = (
				AE222EC02A969DA300A1199D /* Debug */,
				AE222EC12A969DA300A1199D /* Release */,
			);
			defaultConfigurationIsVisible = 0;
			defaultConfigurationName = Release;
		};
/* End XCConfigurationList section */
	};
	rootObject = AE222E9A2A969DA200A1199D /* Project object */;
}
